
Microsoft Visual Studio Solution File, Format Version 12.00
# Visual Studio Version 17
VisualStudioVersion = 17.0.31903.59
MinimumVisualStudioVersion = 10.0.40219.1
Project("{FAE04EC0-301F-11D3-BF4B-00C04F79EFBC}") = "MusicCollector.Api", "MusicCollector.Api\MusicCollector.Api.csproj", "{C7C363C7-99BC-434B-9567-2EAFD3298B72}"
EndProject
Project("{FAE04EC0-301F-11D3-BF4B-00C04F79EFBC}") = "MusicCollector.Tests", "MusicCollector.Tests\MusicCollector.Tests.csproj", "{00E0FBE1-EECF-4914-B917-6410AB2665B0}"
EndProject
Global
	GlobalSection(SolutionConfigurationPlatforms) = preSolution
		Debug|Any CPU = Debug|Any CPU
		Release|Any CPU = Release|Any CPU
	EndGlobalSection
	GlobalSection(SolutionProperties) = preSolution
		HideSolutionNode = FALSE
	EndGlobalSection
	GlobalSection(ProjectConfigurationPlatforms) = postSolution
		{C7C363C7-99BC-434B-9567-2EAFD3298B72}.Debug|Any CPU.ActiveCfg = Debug|Any CPU
		{C7C363C7-99BC-434B-9567-2EAFD3298B72}.Debug|Any CPU.Build.0 = Debug|Any CPU
		{C7C363C7-99BC-434B-9567-2EAFD3298B72}.Release|Any CPU.ActiveCfg = Release|Any CPU
		{C7C363C7-99BC-434B-9567-2EAFD3298B72}.Release|Any CPU.Build.0 = Release|Any CPU
		{00E0FBE1-EECF-4914-B917-6410AB2665B0}.Debug|Any CPU.ActiveCfg = Debug|Any CPU
		{00E0FBE1-EECF-4914-B917-6410AB2665B0}.Debug|Any CPU.Build.0 = Debug|Any CPU
		{00E0FBE1-EECF-4914-B917-6410AB2665B0}.Release|Any CPU.ActiveCfg = Release|Any CPU
		{00E0FBE1-EECF-4914-B917-6410AB2665B0}.Release|Any CPU.Build.0 = Release|Any CPU
	EndGlobalSection
EndGlobal
